
Microsoft Visual Studio Solution File, Format Version 12.00
# Visual Studio Version 16
VisualStudioVersion = 25.0.1703.8
MinimumVisualStudioVersion = 10.0.40219.1
Project("{FAE04EC0-301F-11D3-BF4B-00C04F79EFBC}") = "zadanie-06", "zadanie-06\zadanie-06.csproj", "{E783EC01-5FF3-4016-BE60-297296DDC5F0}"
EndProject
Global
	GlobalSection(SolutionConfigurationPlatforms) = preSolution
		Debug|Any CPU = Debug|Any CPU
		Release|Any CPU = Release|Any CPU
	EndGlobalSection
	GlobalSection(ProjectConfigurationPlatforms) = postSolution
		{E783EC01-5FF3-4016-BE60-297296DDC5F0}.Debug|Any CPU.ActiveCfg = Debug|Any CPU
		{E783EC01-5FF3-4016-BE60-297296DDC5F0}.Debug|Any CPU.Build.0 = Debug|Any CPU
		{E783EC01-5FF3-4016-BE60-297296DDC5F0}.Release|Any CPU.ActiveCfg = Release|Any CPU
		{E783EC01-5FF3-4016-BE60-297296DDC5F0}.Release|Any CPU.Build.0 = Release|Any CPU
	EndGlobalSection
	GlobalSection(SolutionProperties) = preSolution
		HideSolutionNode = FALSE
	EndGlobalSection
	GlobalSection(ExtensibilityGlobals) = postSolution
		SolutionGuid = {E9FDAFC0-9824-4CEC-A743-3ED812BB82DC}
	EndGlobalSection
EndGlobal
